
Microsoft Visual Studio Solution File, Format Version 11.00
# Visual Studio 2010
Project("{FAE04EC0-301F-11D3-BF4B-00C04F79EFBC}") = "Imagens", "Imagens\Imagens.csproj", "{95CBF4A1-1F6E-4AFA-BDF4-FC3409840551}"
EndProject
Global
	GlobalSection(SolutionConfigurationPlatforms) = preSolution
		Debug|x86 = Debug|x86
		Release|x86 = Release|x86
	EndGlobalSection
	GlobalSection(ProjectConfigurationPlatforms) = postSolution
		{95CBF4A1-1F6E-4AFA-BDF4-FC3409840551}.Debug|x86.ActiveCfg = Debug|x86
		{95CBF4A1-1F6E-4AFA-BDF4-FC3409840551}.Debug|x86.Build.0 = Debug|x86
		{95CBF4A1-1F6E-4AFA-BDF4-FC3409840551}.Release|x86.ActiveCfg = Release|x86
		{95CBF4A1-1F6E-4AFA-BDF4-FC3409840551}.Release|x86.Build.0 = Release|x86
	EndGlobalSection
	GlobalSection(SolutionProperties) = preSolution
		HideSolutionNode = FALSE
	EndGlobalSection
EndGlobal
